{
  "requires": true,
  "lockfileVersion": 1,
  "dependencies": {
    "e-commerce_price": {
      "version": "1.0.3",
      "resolved": "https://registry.npmjs.org/e-commerce_price/-/e-commerce_price-1.0.3.tgz",
      "integrity": "sha512-r6eTjoWyYrD1814h0tzPi5gFnB6Lsg+rWKJJUvJZZ9FxWM8nNDHd/xi446oGBippvUufZ45V2eHl42zvQYf8/w=="
    }
  }
}
